
Microsoft Visual Studio Solution File, Format Version 12.00
# Visual Studio 14
VisualStudioVersion = 14.0.25420.1
MinimumVisualStudioVersion = 10.0.40219.1
Project("{FAE04EC0-301F-11D3-BF4B-00C04F79EFBC}") = "ExcerciseTestAutoFramework", "ExcerciseTestAutoFramework\ExcerciseTestAutoFramework.csproj", "{AD92173A-EF3E-4D76-8C35-D9B684C35D1D}"
EndProject
Global
	GlobalSection(SolutionConfigurationPlatforms) = preSolution
		Debug|Any CPU = Debug|Any CPU
		Release|Any CPU = Release|Any CPU
	EndGlobalSection
	GlobalSection(ProjectConfigurationPlatforms) = postSolution
		{AD92173A-EF3E-4D76-8C35-D9B684C35D1D}.Debug|Any CPU.ActiveCfg = Debug|Any CPU
		{AD92173A-EF3E-4D76-8C35-D9B684C35D1D}.Debug|Any CPU.Build.0 = Debug|Any CPU
		{AD92173A-EF3E-4D76-8C35-D9B684C35D1D}.Release|Any CPU.ActiveCfg = Release|Any CPU
		{AD92173A-EF3E-4D76-8C35-D9B684C35D1D}.Release|Any CPU.Build.0 = Release|Any CPU
	EndGlobalSection
	GlobalSection(SolutionProperties) = preSolution
		HideSolutionNode = FALSE
	EndGlobalSection
EndGlobal
